
Microsoft Visual Studio Solution File, Format Version 12.00
# Visual Studio Version 17
VisualStudioVersion = 17.11.35222.181
MinimumVisualStudioVersion = 10.0.40219.1
Project("{9A19103F-16F7-4668-BE54-9A1E7A4F7556}") = "Practice", "Practice\Practice.csproj", "{C3728F95-4E32-461A-86F4-0CF428E6ABC5}"
EndProject
Project("{9A19103F-16F7-4668-BE54-9A1E7A4F7556}") = "Recursion", "Recursion\Recursion.csproj", "{11B9E947-7EC4-4C9A-BE8C-04E0B94A5992}"
EndProject
Project("{9A19103F-16F7-4668-BE54-9A1E7A4F7556}") = "ArrayDataType", "ArrayDataType\ArrayDataType.csproj", "{A8FF99DF-C13F-4587-86F9-F361EB1BD17B}"
EndProject
Project("{9A19103F-16F7-4668-BE54-9A1E7A4F7556}") = "StringDataType", "StringDataType\StringDataType.csproj", "{38925E5E-247B-4D0E-A40F-8FC430FCE3AF}"
EndProject
Project("{9A19103F-16F7-4668-BE54-9A1E7A4F7556}") = "LinkedListDataType", "LinkedListDataType\LinkedListDataType.csproj", "{067ECD88-6A18-4666-82FD-136DEDFBFEE6}"
EndProject
Project("{9A19103F-16F7-4668-BE54-9A1E7A4F7556}") = "TreeDataType", "TreeDataType\TreeDataType.csproj", "{7472B4DF-3B0A-4B22-97B3-A1E22460C4AB}"
EndProject
Project("{9A19103F-16F7-4668-BE54-9A1E7A4F7556}") = "StackDataType", "StackDataType\StackDataType.csproj", "{D4EC68ED-99C2-4382-8401-731CA732B693}"
EndProject
Project("{9A19103F-16F7-4668-BE54-9A1E7A4F7556}") = "QueueDataType", "QueueDataType\QueueDataType.csproj", "{146E7B6D-D1BB-479D-8047-3112F1D3C07E}"
EndProject
Project("{9A19103F-16F7-4668-BE54-9A1E7A4F7556}") = "HeapDataType", "HeapDataType\HeapDataType.csproj", "{409A9B73-C008-4BD4-A5C0-E7FF0C8E4B57}"
EndProject
Project("{9A19103F-16F7-4668-BE54-9A1E7A4F7556}") = "Sorting", "Sorting\Sorting.csproj", "{03D9CF75-D118-4772-96D8-498FCF147A63}"
EndProject
Project("{FAE04EC0-301F-11D3-BF4B-00C04F79EFBC}") = "GraphDataType", "GraphDataType\GraphDataType.csproj", "{3C0AA054-A78D-49F4-B331-671A433E64AD}"
EndProject
Global
	GlobalSection(SolutionConfigurationPlatforms) = preSolution
		Debug|Any CPU = Debug|Any CPU
		Release|Any CPU = Release|Any CPU
	EndGlobalSection
	GlobalSection(ProjectConfigurationPlatforms) = postSolution
		{C3728F95-4E32-461A-86F4-0CF428E6ABC5}.Debug|Any CPU.ActiveCfg = Debug|Any CPU
		{C3728F95-4E32-461A-86F4-0CF428E6ABC5}.Debug|Any CPU.Build.0 = Debug|Any CPU
		{C3728F95-4E32-461A-86F4-0CF428E6ABC5}.Release|Any CPU.ActiveCfg = Release|Any CPU
		{C3728F95-4E32-461A-86F4-0CF428E6ABC5}.Release|Any CPU.Build.0 = Release|Any CPU
		{11B9E947-7EC4-4C9A-BE8C-04E0B94A5992}.Debug|Any CPU.ActiveCfg = Debug|Any CPU
		{11B9E947-7EC4-4C9A-BE8C-04E0B94A5992}.Debug|Any CPU.Build.0 = Debug|Any CPU
		{11B9E947-7EC4-4C9A-BE8C-04E0B94A5992}.Release|Any CPU.ActiveCfg = Release|Any CPU
		{11B9E947-7EC4-4C9A-BE8C-04E0B94A5992}.Release|Any CPU.Build.0 = Release|Any CPU
		{A8FF99DF-C13F-4587-86F9-F361EB1BD17B}.Debug|Any CPU.ActiveCfg = Debug|Any CPU
		{A8FF99DF-C13F-4587-86F9-F361EB1BD17B}.Debug|Any CPU.Build.0 = Debug|Any CPU
		{A8FF99DF-C13F-4587-86F9-F361EB1BD17B}.Release|Any CPU.ActiveCfg = Release|Any CPU
		{A8FF99DF-C13F-4587-86F9-F361EB1BD17B}.Release|Any CPU.Build.0 = Release|Any CPU
		{38925E5E-247B-4D0E-A40F-8FC430FCE3AF}.Debug|Any CPU.ActiveCfg = Debug|Any CPU
		{38925E5E-247B-4D0E-A40F-8FC430FCE3AF}.Debug|Any CPU.Build.0 = Debug|Any CPU
		{38925E5E-247B-4D0E-A40F-8FC430FCE3AF}.Release|Any CPU.ActiveCfg = Release|Any CPU
		{38925E5E-247B-4D0E-A40F-8FC430FCE3AF}.Release|Any CPU.Build.0 = Release|Any CPU
		{067ECD88-6A18-4666-82FD-136DEDFBFEE6}.Debug|Any CPU.ActiveCfg = Debug|Any CPU
		{067ECD88-6A18-4666-82FD-136DEDFBFEE6}.Debug|Any CPU.Build.0 = Debug|Any CPU
		{067ECD88-6A18-4666-82FD-136DEDFBFEE6}.Release|Any CPU.ActiveCfg = Release|Any CPU
		{067ECD88-6A18-4666-82FD-136DEDFBFEE6}.Release|Any CPU.Build.0 = Release|Any CPU
		{7472B4DF-3B0A-4B22-97B3-A1E22460C4AB}.Debug|Any CPU.ActiveCfg = Debug|Any CPU
		{7472B4DF-3B0A-4B22-97B3-A1E22460C4AB}.Debug|Any CPU.Build.0 = Debug|Any CPU
		{7472B4DF-3B0A-4B22-97B3-A1E22460C4AB}.Release|Any CPU.ActiveCfg = Release|Any CPU
		{7472B4DF-3B0A-4B22-97B3-A1E22460C4AB}.Release|Any CPU.Build.0 = Release|Any CPU
		{D4EC68ED-99C2-4382-8401-731CA732B693}.Debug|Any CPU.ActiveCfg = Debug|Any CPU
		{D4EC68ED-99C2-4382-8401-731CA732B693}.Debug|Any CPU.Build.0 = Debug|Any CPU
		{D4EC68ED-99C2-4382-8401-731CA732B693}.Release|Any CPU.ActiveCfg = Release|Any CPU
		{D4EC68ED-99C2-4382-8401-731CA732B693}.Release|Any CPU.Build.0 = Release|Any CPU
		{146E7B6D-D1BB-479D-8047-3112F1D3C07E}.Debug|Any CPU.ActiveCfg = Debug|Any CPU
		{146E7B6D-D1BB-479D-8047-3112F1D3C07E}.Debug|Any CPU.Build.0 = Debug|Any CPU
		{146E7B6D-D1BB-479D-8047-3112F1D3C07E}.Release|Any CPU.ActiveCfg = Release|Any CPU
		{146E7B6D-D1BB-479D-8047-3112F1D3C07E}.Release|Any CPU.Build.0 = Release|Any CPU
		{409A9B73-C008-4BD4-A5C0-E7FF0C8E4B57}.Debug|Any CPU.ActiveCfg = Debug|Any CPU
		{409A9B73-C008-4BD4-A5C0-E7FF0C8E4B57}.Debug|Any CPU.Build.0 = Debug|Any CPU
		{409A9B73-C008-4BD4-A5C0-E7FF0C8E4B57}.Release|Any CPU.ActiveCfg = Release|Any CPU
		{409A9B73-C008-4BD4-A5C0-E7FF0C8E4B57}.Release|Any CPU.Build.0 = Release|Any CPU
		{03D9CF75-D118-4772-96D8-498FCF147A63}.Debug|Any CPU.ActiveCfg = Debug|Any CPU
		{03D9CF75-D118-4772-96D8-498FCF147A63}.Debug|Any CPU.Build.0 = Debug|Any CPU
		{03D9CF75-D118-4772-96D8-498FCF147A63}.Release|Any CPU.ActiveCfg = Release|Any CPU
		{03D9CF75-D118-4772-96D8-498FCF147A63}.Release|Any CPU.Build.0 = Release|Any CPU
		{3C0AA054-A78D-49F4-B331-671A433E64AD}.Debug|Any CPU.ActiveCfg = Debug|Any CPU
		{3C0AA054-A78D-49F4-B331-671A433E64AD}.Debug|Any CPU.Build.0 = Debug|Any CPU
		{3C0AA054-A78D-49F4-B331-671A433E64AD}.Release|Any CPU.ActiveCfg = Release|Any CPU
		{3C0AA054-A78D-49F4-B331-671A433E64AD}.Release|Any CPU.Build.0 = Release|Any CPU
	EndGlobalSection
	GlobalSection(SolutionProperties) = preSolution
		HideSolutionNode = FALSE
	EndGlobalSection
	GlobalSection(ExtensibilityGlobals) = postSolution
		SolutionGuid = {3845091B-CA80-435C-87C1-9A65939D70F2}
	EndGlobalSection
EndGlobal
